
Microsoft Visual Studio Solution File, Format Version 12.00
# Visual Studio 14
VisualStudioVersion = 14.0.25420.1
MinimumVisualStudioVersion = 10.0.40219.1
Project("{FAE04EC0-301F-11D3-BF4B-00C04F79EFBC}") = "WebAppMobile", "WebAppMobile\WebAppMobile.csproj", "{1A8643FD-698C-487A-98DE-44FEB783550B}"
EndProject
Project("{FAE04EC0-301F-11D3-BF4B-00C04F79EFBC}") = "DataModel", "DataModel\DataModel.csproj", "{82F285AC-7022-4B3D-8BBD-8BA5F5DC3C88}"
EndProject
Project("{2150E333-8FDC-42A3-9474-1A3956D46DE8}") = "Product", "Product", "{71858D24-9A24-4F62-B700-F89A8F2608E7}"
EndProject
Global
	GlobalSection(SolutionConfigurationPlatforms) = preSolution
		Debug|Any CPU = Debug|Any CPU
		Release|Any CPU = Release|Any CPU
	EndGlobalSection
	GlobalSection(ProjectConfigurationPlatforms) = postSolution
		{1A8643FD-698C-487A-98DE-44FEB783550B}.Debug|Any CPU.ActiveCfg = Debug|Any CPU
		{1A8643FD-698C-487A-98DE-44FEB783550B}.Debug|Any CPU.Build.0 = Debug|Any CPU
		{1A8643FD-698C-487A-98DE-44FEB783550B}.Release|Any CPU.ActiveCfg = Release|Any CPU
		{1A8643FD-698C-487A-98DE-44FEB783550B}.Release|Any CPU.Build.0 = Release|Any CPU
		{82F285AC-7022-4B3D-8BBD-8BA5F5DC3C88}.Debug|Any CPU.ActiveCfg = Debug|Any CPU
		{82F285AC-7022-4B3D-8BBD-8BA5F5DC3C88}.Debug|Any CPU.Build.0 = Debug|Any CPU
		{82F285AC-7022-4B3D-8BBD-8BA5F5DC3C88}.Release|Any CPU.ActiveCfg = Release|Any CPU
		{82F285AC-7022-4B3D-8BBD-8BA5F5DC3C88}.Release|Any CPU.Build.0 = Release|Any CPU
	EndGlobalSection
	GlobalSection(SolutionProperties) = preSolution
		HideSolutionNode = FALSE
	EndGlobalSection
EndGlobal
